
Microsoft Visual Studio Solution File, Format Version 12.00
# Visual Studio Version 17
VisualStudioVersion = 17.0.31903.59
MinimumVisualStudioVersion = 10.0.40219.1
Project("{FAE04EC0-301F-11D3-BF4B-00C04F79EFBC}") = "DecisionTree", "DecisionTree\DecisionTree.csproj", "{0D6B977B-7FD2-4323-9CA1-707F6CC97832}"
EndProject
Project("{FAE04EC0-301F-11D3-BF4B-00C04F79EFBC}") = "Core", "Core\Core.csproj", "{1EB26653-3203-4273-90AE-59266F51F76F}"
EndProject
Global
	GlobalSection(SolutionConfigurationPlatforms) = preSolution
		Debug|Any CPU = Debug|Any CPU
		Release|Any CPU = Release|Any CPU
	EndGlobalSection
	GlobalSection(SolutionProperties) = preSolution
		HideSolutionNode = FALSE
	EndGlobalSection
	GlobalSection(ProjectConfigurationPlatforms) = postSolution
		{0D6B977B-7FD2-4323-9CA1-707F6CC97832}.Debug|Any CPU.ActiveCfg = Debug|Any CPU
		{0D6B977B-7FD2-4323-9CA1-707F6CC97832}.Debug|Any CPU.Build.0 = Debug|Any CPU
		{0D6B977B-7FD2-4323-9CA1-707F6CC97832}.Release|Any CPU.ActiveCfg = Release|Any CPU
		{0D6B977B-7FD2-4323-9CA1-707F6CC97832}.Release|Any CPU.Build.0 = Release|Any CPU
		{1EB26653-3203-4273-90AE-59266F51F76F}.Debug|Any CPU.ActiveCfg = Debug|Any CPU
		{1EB26653-3203-4273-90AE-59266F51F76F}.Debug|Any CPU.Build.0 = Debug|Any CPU
		{1EB26653-3203-4273-90AE-59266F51F76F}.Release|Any CPU.ActiveCfg = Release|Any CPU
		{1EB26653-3203-4273-90AE-59266F51F76F}.Release|Any CPU.Build.0 = Release|Any CPU
	EndGlobalSection
EndGlobal
